
Microsoft Visual Studio Solution File, Format Version 12.00
# Visual Studio Version 17
VisualStudioVersion = 17.5.33530.505
MinimumVisualStudioVersion = 10.0.40219.1
Project("{FAE04EC0-301F-11D3-BF4B-00C04F79EFBC}") = "ProjekatTVP", "ProjekatTVP\ProjekatTVP.csproj", "{F58B2873-19B6-4D2A-B770-84D006AC3F2E}"
EndProject
Global
	GlobalSection(SolutionConfigurationPlatforms) = preSolution
		Debug|Any CPU = Debug|Any CPU
		Release|Any CPU = Release|Any CPU
	EndGlobalSection
	GlobalSection(ProjectConfigurationPlatforms) = postSolution
		{F58B2873-19B6-4D2A-B770-84D006AC3F2E}.Debug|Any CPU.ActiveCfg = Debug|Any CPU
		{F58B2873-19B6-4D2A-B770-84D006AC3F2E}.Debug|Any CPU.Build.0 = Debug|Any CPU
		{F58B2873-19B6-4D2A-B770-84D006AC3F2E}.Release|Any CPU.ActiveCfg = Release|Any CPU
		{F58B2873-19B6-4D2A-B770-84D006AC3F2E}.Release|Any CPU.Build.0 = Release|Any CPU
	EndGlobalSection
	GlobalSection(SolutionProperties) = preSolution
		HideSolutionNode = FALSE
	EndGlobalSection
	GlobalSection(ExtensibilityGlobals) = postSolution
		SolutionGuid = {033E7CF3-7039-4CE4-B3BD-F1A87EFCD26B}
	EndGlobalSection
EndGlobal
